# THIS IS AN AUTOGENERATED FILE. DO NOT EDIT THIS FILE DIRECTLY.
# yarn lockfile v1


sns-validator@^0.3.5:
  version "0.3.5"
  resolved "https://art.code.pan.run:443/artifactory/api/npm/npm-registry/sns-validator/-/sns-validator-0.3.5.tgz#4f6283734e65e493f0f32265c225c4dce87d53e3"
  integrity sha512-lapYNmezLsltnt2fcQyhmYnC41mYZ7EjU7f2oR/hrhpbD/LemryclRpApwxO84gOyDIQ7MWe/h4HvkdunFzSKg==
